
Microsoft Visual Studio Solution File, Format Version 12.00
# Visual Studio Version 17
VisualStudioVersion = 17.0.31611.283
MinimumVisualStudioVersion = 10.0.40219.1
Project("{9A19103F-16F7-4668-BE54-9A1E7A4F7556}") = "Core", "Core\Core.csproj", "{804B685C-DD59-49D6-B992-465A234BFFD7}"
EndProject
Project("{2150E333-8FDC-42A3-9474-1A3956D46DE8}") = "Solution Items", "Solution Items", "{1E46C010-247C-48A7-866A-AFD1D7068B68}"
	ProjectSection(SolutionItems) = preProject
		.editorconfig = .editorconfig
	EndProjectSection
EndProject
Project("{9A19103F-16F7-4668-BE54-9A1E7A4F7556}") = "Sample.CLI", "CLI\Sample.CLI.csproj", "{0AF6FD27-141A-4B71-ADCC-7BFF5059BA55}"
EndProject
Project("{9A19103F-16F7-4668-BE54-9A1E7A4F7556}") = "CLibrary", "CLibrary\CLibrary.csproj", "{A6694573-D0FC-439F-A9A5-9E557520E84C}"
EndProject
Global
	GlobalSection(SolutionConfigurationPlatforms) = preSolution
		Debug|Any CPU = Debug|Any CPU
		Release|Any CPU = Release|Any CPU
	EndGlobalSection
	GlobalSection(ProjectConfigurationPlatforms) = postSolution
		{804B685C-DD59-49D6-B992-465A234BFFD7}.Debug|Any CPU.ActiveCfg = Debug|Any CPU
		{804B685C-DD59-49D6-B992-465A234BFFD7}.Debug|Any CPU.Build.0 = Debug|Any CPU
		{804B685C-DD59-49D6-B992-465A234BFFD7}.Release|Any CPU.ActiveCfg = Release|Any CPU
		{804B685C-DD59-49D6-B992-465A234BFFD7}.Release|Any CPU.Build.0 = Release|Any CPU
		{0AF6FD27-141A-4B71-ADCC-7BFF5059BA55}.Debug|Any CPU.ActiveCfg = Debug|Any CPU
		{0AF6FD27-141A-4B71-ADCC-7BFF5059BA55}.Debug|Any CPU.Build.0 = Debug|Any CPU
		{0AF6FD27-141A-4B71-ADCC-7BFF5059BA55}.Release|Any CPU.ActiveCfg = Release|Any CPU
		{0AF6FD27-141A-4B71-ADCC-7BFF5059BA55}.Release|Any CPU.Build.0 = Release|Any CPU
		{A6694573-D0FC-439F-A9A5-9E557520E84C}.Debug|Any CPU.ActiveCfg = Debug|Any CPU
		{A6694573-D0FC-439F-A9A5-9E557520E84C}.Debug|Any CPU.Build.0 = Debug|Any CPU
		{A6694573-D0FC-439F-A9A5-9E557520E84C}.Release|Any CPU.ActiveCfg = Release|Any CPU
		{A6694573-D0FC-439F-A9A5-9E557520E84C}.Release|Any CPU.Build.0 = Release|Any CPU
	EndGlobalSection
	GlobalSection(SolutionProperties) = preSolution
		HideSolutionNode = FALSE
	EndGlobalSection
	GlobalSection(ExtensibilityGlobals) = postSolution
		SolutionGuid = {61F7FB11-1E47-470C-91E2-47F8143E1572}
	EndGlobalSection
EndGlobal
